
Microsoft Visual Studio Solution File, Format Version 12.00
# Visual Studio Version 17
VisualStudioVersion = 17.5.2.0
MinimumVisualStudioVersion = 10.0.40219.1
Project("{FAE04EC0-301F-11D3-BF4B-00C04F79EFBC}") = "SistemVenda", ".\1-Aplicacao\SistemVenda.csproj", "{8D2CB2DF-1539-0A27-789A-939BCC81CFBF}"
EndProject
Project("{FAE04EC0-301F-11D3-BF4B-00C04F79EFBC}") = "2-Dominio", ".\2-Dominio\2-Dominio.csproj", "{02B63C54-8FFF-47AD-AF71-73ACD4E06BB1}"
EndProject
Project("{FAE04EC0-301F-11D3-BF4B-00C04F79EFBC}") = "3-Repositorio", ".\3-Repositorio\3-Repositorio.csproj", "{7754DD88-5E4E-4FD9-B5D3-58C836C37756}"
EndProject
Project("{2150E333-8FDC-42A3-9474-1A3956D46DE8}") = "1-Aplicacao", "1-Aplicacao", "{D1C7FA92-3247-DDB0-9382-7ED427626852}"
EndProject
Project("{FAE04EC0-301F-11D3-BF4B-00C04F79EFBC}") = "Aplicacao", "1-Aplicacao\Aplicacao.csproj", "{81EF58D2-D3D5-4E84-8AA5-16241F651902}"
EndProject
Project("{2150E333-8FDC-42A3-9474-1A3956D46DE8}") = "2-Dominio", "2-Dominio", "{C1025DBC-26D3-D8E3-F7B4-6EEFC7DB98D7}"
EndProject
Project("{FAE04EC0-301F-11D3-BF4B-00C04F79EFBC}") = "Dominio", "2-Dominio\Dominio.csproj", "{0FD050DE-6D38-449F-B753-DD3B788C5BBD}"
EndProject
Project("{2150E333-8FDC-42A3-9474-1A3956D46DE8}") = "3-Repositorio", "3-Repositorio", "{BC79CDE3-DD1C-ADF0-201C-9FA7C807B259}"
EndProject
Project("{FAE04EC0-301F-11D3-BF4B-00C04F79EFBC}") = "Repositorio", "3-Repositorio\Repositorio.csproj", "{ADBA1C37-B164-4280-8223-40FCF43AC90B}"
EndProject
Global
	GlobalSection(SolutionConfigurationPlatforms) = preSolution
		Debug|Any CPU = Debug|Any CPU
		Debug|x64 = Debug|x64
		Debug|x86 = Debug|x86
		Release|Any CPU = Release|Any CPU
		Release|x64 = Release|x64
		Release|x86 = Release|x86
	EndGlobalSection
	GlobalSection(ProjectConfigurationPlatforms) = postSolution
		{8D2CB2DF-1539-0A27-789A-939BCC81CFBF}.Debug|Any CPU.ActiveCfg = Debug|Any CPU
		{8D2CB2DF-1539-0A27-789A-939BCC81CFBF}.Debug|Any CPU.Build.0 = Debug|Any CPU
		{8D2CB2DF-1539-0A27-789A-939BCC81CFBF}.Debug|x64.ActiveCfg = Debug|Any CPU
		{8D2CB2DF-1539-0A27-789A-939BCC81CFBF}.Debug|x64.Build.0 = Debug|Any CPU
		{8D2CB2DF-1539-0A27-789A-939BCC81CFBF}.Debug|x86.ActiveCfg = Debug|Any CPU
		{8D2CB2DF-1539-0A27-789A-939BCC81CFBF}.Debug|x86.Build.0 = Debug|Any CPU
		{8D2CB2DF-1539-0A27-789A-939BCC81CFBF}.Release|Any CPU.ActiveCfg = Release|Any CPU
		{8D2CB2DF-1539-0A27-789A-939BCC81CFBF}.Release|Any CPU.Build.0 = Release|Any CPU
		{8D2CB2DF-1539-0A27-789A-939BCC81CFBF}.Release|x64.ActiveCfg = Release|Any CPU
		{8D2CB2DF-1539-0A27-789A-939BCC81CFBF}.Release|x64.Build.0 = Release|Any CPU
		{8D2CB2DF-1539-0A27-789A-939BCC81CFBF}.Release|x86.ActiveCfg = Release|Any CPU
		{8D2CB2DF-1539-0A27-789A-939BCC81CFBF}.Release|x86.Build.0 = Release|Any CPU
		{02B63C54-8FFF-47AD-AF71-73ACD4E06BB1}.Debug|Any CPU.ActiveCfg = Debug|Any CPU
		{02B63C54-8FFF-47AD-AF71-73ACD4E06BB1}.Debug|Any CPU.Build.0 = Debug|Any CPU
		{02B63C54-8FFF-47AD-AF71-73ACD4E06BB1}.Debug|x64.ActiveCfg = Debug|Any CPU
		{02B63C54-8FFF-47AD-AF71-73ACD4E06BB1}.Debug|x64.Build.0 = Debug|Any CPU
		{02B63C54-8FFF-47AD-AF71-73ACD4E06BB1}.Debug|x86.ActiveCfg = Debug|Any CPU
		{02B63C54-8FFF-47AD-AF71-73ACD4E06BB1}.Debug|x86.Build.0 = Debug|Any CPU
		{02B63C54-8FFF-47AD-AF71-73ACD4E06BB1}.Release|Any CPU.ActiveCfg = Release|Any CPU
		{02B63C54-8FFF-47AD-AF71-73ACD4E06BB1}.Release|Any CPU.Build.0 = Release|Any CPU
		{02B63C54-8FFF-47AD-AF71-73ACD4E06BB1}.Release|x64.ActiveCfg = Release|Any CPU
		{02B63C54-8FFF-47AD-AF71-73ACD4E06BB1}.Release|x64.Build.0 = Release|Any CPU
		{02B63C54-8FFF-47AD-AF71-73ACD4E06BB1}.Release|x86.ActiveCfg = Release|Any CPU
		{02B63C54-8FFF-47AD-AF71-73ACD4E06BB1}.Release|x86.Build.0 = Release|Any CPU
		{7754DD88-5E4E-4FD9-B5D3-58C836C37756}.Debug|Any CPU.ActiveCfg = Debug|Any CPU
		{7754DD88-5E4E-4FD9-B5D3-58C836C37756}.Debug|Any CPU.Build.0 = Debug|Any CPU
		{7754DD88-5E4E-4FD9-B5D3-58C836C37756}.Debug|x64.ActiveCfg = Debug|Any CPU
		{7754DD88-5E4E-4FD9-B5D3-58C836C37756}.Debug|x64.Build.0 = Debug|Any CPU
		{7754DD88-5E4E-4FD9-B5D3-58C836C37756}.Debug|x86.ActiveCfg = Debug|Any CPU
		{7754DD88-5E4E-4FD9-B5D3-58C836C37756}.Debug|x86.Build.0 = Debug|Any CPU
		{7754DD88-5E4E-4FD9-B5D3-58C836C37756}.Release|Any CPU.ActiveCfg = Release|Any CPU
		{7754DD88-5E4E-4FD9-B5D3-58C836C37756}.Release|Any CPU.Build.0 = Release|Any CPU
		{7754DD88-5E4E-4FD9-B5D3-58C836C37756}.Release|x64.ActiveCfg = Release|Any CPU
		{7754DD88-5E4E-4FD9-B5D3-58C836C37756}.Release|x64.Build.0 = Release|Any CPU
		{7754DD88-5E4E-4FD9-B5D3-58C836C37756}.Release|x86.ActiveCfg = Release|Any CPU
		{7754DD88-5E4E-4FD9-B5D3-58C836C37756}.Release|x86.Build.0 = Release|Any CPU
		{81EF58D2-D3D5-4E84-8AA5-16241F651902}.Debug|Any CPU.ActiveCfg = Debug|Any CPU
		{81EF58D2-D3D5-4E84-8AA5-16241F651902}.Debug|Any CPU.Build.0 = Debug|Any CPU
		{81EF58D2-D3D5-4E84-8AA5-16241F651902}.Debug|x64.ActiveCfg = Debug|Any CPU
		{81EF58D2-D3D5-4E84-8AA5-16241F651902}.Debug|x64.Build.0 = Debug|Any CPU
		{81EF58D2-D3D5-4E84-8AA5-16241F651902}.Debug|x86.ActiveCfg = Debug|Any CPU
		{81EF58D2-D3D5-4E84-8AA5-16241F651902}.Debug|x86.Build.0 = Debug|Any CPU
		{81EF58D2-D3D5-4E84-8AA5-16241F651902}.Release|Any CPU.ActiveCfg = Release|Any CPU
		{81EF58D2-D3D5-4E84-8AA5-16241F651902}.Release|Any CPU.Build.0 = Release|Any CPU
		{81EF58D2-D3D5-4E84-8AA5-16241F651902}.Release|x64.ActiveCfg = Release|Any CPU
		{81EF58D2-D3D5-4E84-8AA5-16241F651902}.Release|x64.Build.0 = Release|Any CPU
		{81EF58D2-D3D5-4E84-8AA5-16241F651902}.Release|x86.ActiveCfg = Release|Any CPU
		{81EF58D2-D3D5-4E84-8AA5-16241F651902}.Release|x86.Build.0 = Release|Any CPU
		{0FD050DE-6D38-449F-B753-DD3B788C5BBD}.Debug|Any CPU.ActiveCfg = Debug|Any CPU
		{0FD050DE-6D38-449F-B753-DD3B788C5BBD}.Debug|Any CPU.Build.0 = Debug|Any CPU
		{0FD050DE-6D38-449F-B753-DD3B788C5BBD}.Debug|x64.ActiveCfg = Debug|Any CPU
		{0FD050DE-6D38-449F-B753-DD3B788C5BBD}.Debug|x64.Build.0 = Debug|Any CPU
		{0FD050DE-6D38-449F-B753-DD3B788C5BBD}.Debug|x86.ActiveCfg = Debug|Any CPU
		{0FD050DE-6D38-449F-B753-DD3B788C5BBD}.Debug|x86.Build.0 = Debug|Any CPU
		{0FD050DE-6D38-449F-B753-DD3B788C5BBD}.Release|Any CPU.ActiveCfg = Release|Any CPU
		{0FD050DE-6D38-449F-B753-DD3B788C5BBD}.Release|Any CPU.Build.0 = Release|Any CPU
		{0FD050DE-6D38-449F-B753-DD3B788C5BBD}.Release|x64.ActiveCfg = Release|Any CPU
		{0FD050DE-6D38-449F-B753-DD3B788C5BBD}.Release|x64.Build.0 = Release|Any CPU
		{0FD050DE-6D38-449F-B753-DD3B788C5BBD}.Release|x86.ActiveCfg = Release|Any CPU
		{0FD050DE-6D38-449F-B753-DD3B788C5BBD}.Release|x86.Build.0 = Release|Any CPU
		{ADBA1C37-B164-4280-8223-40FCF43AC90B}.Debug|Any CPU.ActiveCfg = Debug|Any CPU
		{ADBA1C37-B164-4280-8223-40FCF43AC90B}.Debug|Any CPU.Build.0 = Debug|Any CPU
		{ADBA1C37-B164-4280-8223-40FCF43AC90B}.Debug|x64.ActiveCfg = Debug|Any CPU
		{ADBA1C37-B164-4280-8223-40FCF43AC90B}.Debug|x64.Build.0 = Debug|Any CPU
		{ADBA1C37-B164-4280-8223-40FCF43AC90B}.Debug|x86.ActiveCfg = Debug|Any CPU
		{ADBA1C37-B164-4280-8223-40FCF43AC90B}.Debug|x86.Build.0 = Debug|Any CPU
		{ADBA1C37-B164-4280-8223-40FCF43AC90B}.Release|Any CPU.ActiveCfg = Release|Any CPU
		{ADBA1C37-B164-4280-8223-40FCF43AC90B}.Release|Any CPU.Build.0 = Release|Any CPU
		{ADBA1C37-B164-4280-8223-40FCF43AC90B}.Release|x64.ActiveCfg = Release|Any CPU
		{ADBA1C37-B164-4280-8223-40FCF43AC90B}.Release|x64.Build.0 = Release|Any CPU
		{ADBA1C37-B164-4280-8223-40FCF43AC90B}.Release|x86.ActiveCfg = Release|Any CPU
		{ADBA1C37-B164-4280-8223-40FCF43AC90B}.Release|x86.Build.0 = Release|Any CPU
	EndGlobalSection
	GlobalSection(SolutionProperties) = preSolution
		HideSolutionNode = FALSE
	EndGlobalSection
	GlobalSection(NestedProjects) = preSolution
		{81EF58D2-D3D5-4E84-8AA5-16241F651902} = {D1C7FA92-3247-DDB0-9382-7ED427626852}
		{0FD050DE-6D38-449F-B753-DD3B788C5BBD} = {C1025DBC-26D3-D8E3-F7B4-6EEFC7DB98D7}
		{ADBA1C37-B164-4280-8223-40FCF43AC90B} = {BC79CDE3-DD1C-ADF0-201C-9FA7C807B259}
	EndGlobalSection
	GlobalSection(ExtensibilityGlobals) = postSolution
		SolutionGuid = {7D311AEB-B5F0-4E58-8846-2AAECF8820A6}
	EndGlobalSection
EndGlobal
